
Microsoft Visual Studio Solution File, Format Version 12.00
# Visual Studio Version 17
VisualStudioVersion = 17.3.32901.215
MinimumVisualStudioVersion = 10.0.40219.1
Project("{888888A0-9F3D-457C-B088-3A5042F75D52}") = "Santi`Clicker", "Santi`Clicker.pyproj", "{D1AFF855-D5DB-4BFB-951A-6128DAB986A0}"
EndProject
Global
	GlobalSection(SolutionConfigurationPlatforms) = preSolution
		Debug|Any CPU = Debug|Any CPU
		Release|Any CPU = Release|Any CPU
	EndGlobalSection
	GlobalSection(ProjectConfigurationPlatforms) = postSolution
		{D1AFF855-D5DB-4BFB-951A-6128DAB986A0}.Debug|Any CPU.ActiveCfg = Debug|Any CPU
		{D1AFF855-D5DB-4BFB-951A-6128DAB986A0}.Release|Any CPU.ActiveCfg = Release|Any CPU
	EndGlobalSection
	GlobalSection(SolutionProperties) = preSolution
		HideSolutionNode = FALSE
	EndGlobalSection
	GlobalSection(ExtensibilityGlobals) = postSolution
		SolutionGuid = {B64A306D-3839-43E4-B66B-5C7167E7602A}
	EndGlobalSection
EndGlobal
